
Microsoft Visual Studio Solution File, Format Version 12.00
# Visual Studio Version 16
VisualStudioVersion = 16.0.30404.54
MinimumVisualStudioVersion = 10.0.40219.1
Project("{FAE04EC0-301F-11D3-BF4B-00C04F79EFBC}") = "Sudoku Solver", "Sudoku Solver\Sudoku Solver.csproj", "{C8B8480A-F3AC-47A6-B2C9-DEE3C751E8F5}"
EndProject
Global
	GlobalSection(SolutionConfigurationPlatforms) = preSolution
		Debug|Any CPU = Debug|Any CPU
		Release|Any CPU = Release|Any CPU
	EndGlobalSection
	GlobalSection(ProjectConfigurationPlatforms) = postSolution
		{C8B8480A-F3AC-47A6-B2C9-DEE3C751E8F5}.Debug|Any CPU.ActiveCfg = Debug|Any CPU
		{C8B8480A-F3AC-47A6-B2C9-DEE3C751E8F5}.Debug|Any CPU.Build.0 = Debug|Any CPU
		{C8B8480A-F3AC-47A6-B2C9-DEE3C751E8F5}.Release|Any CPU.ActiveCfg = Release|Any CPU
		{C8B8480A-F3AC-47A6-B2C9-DEE3C751E8F5}.Release|Any CPU.Build.0 = Release|Any CPU
	EndGlobalSection
	GlobalSection(SolutionProperties) = preSolution
		HideSolutionNode = FALSE
	EndGlobalSection
	GlobalSection(ExtensibilityGlobals) = postSolution
		SolutionGuid = {3CFE80FE-1B18-4A97-BD97-5940D2841502}
	EndGlobalSection
EndGlobal
